DEPENDENCIES
  apache2 (~> 3.0.0)
  brightbox-ruby (~> 1.2.1)
  build-essential (~> 1.0.0)
  cyclescape
    path: local-cookbooks/cyclescape
  cyclescape-backups
    path: local-cookbooks/cyclescape-backups
  cyclescape-user
    path: local-cookbooks/cyclescape-user
  firewall (< 2.0.0)
  java (~> 1.35.0)
  munin
    path: local-cookbooks/munin
  munin-plugins-rails
    path: local-cookbooks/munin-plugins-rails
  nodejs (~> 5.0.0)
  ntp
    path: local-cookbooks/ntp
  passenger_apache2 (~> 3.0.1)
  postfix
    path: local-cookbooks/postfix
  postgres
    path: local-cookbooks/postgres
  ssl
    path: local-cookbooks/ssl
  ufw (~> 0.7.4)

GRAPH
  apache2 (3.0.1)
    iptables (>= 0.0.0)
    logrotate (>= 0.0.0)
  apt (2.8.2)
  ark (3.1.0)
    build-essential (>= 0.0.0)
    seven_zip (>= 0.0.0)
    windows (>= 0.0.0)
  brightbox-ruby (1.2.2)
    apt (>= 0.0.0)
  build-essential (1.0.2)
  cyclescape (0.1.0)
    apache2 (>= 0.0.0)
    apt (>= 0.0.0)
    brightbox-ruby (>= 0.0.0)
    cyclescape-backups (>= 0.0.0)
    cyclescape-user (>= 0.0.0)
    java (>= 0.0.0)
    munin-plugins-rails (>= 0.0.0)
    ntp (>= 0.0.0)
    passenger_apache2 (>= 0.0.0)
    postfix (>= 0.0.0)
    postgres (>= 0.0.0)
    ssl (>= 0.0.0)
    ufw (>= 0.0.0)
  cyclescape-backups (0.0.1)
  cyclescape-user (0.0.1)
  firewall (1.6.1)
    poise (~> 2.0)
  iptables (4.3.1)
  java (1.35.0)
  logrotate (2.2.0)
  munin (0.0.1)
  munin-plugins-rails (0.0.1)
  nodejs (5.0.0)
    ark (>= 2.0.2)
    build-essential (>= 0.0.0)
  ntp (0.0.1)
  passenger_apache2 (3.0.1)
    apache2 (>= 2.0)
    build-essential (>= 0.0.0)
  poise (2.8.1)
  postfix (0.0.1)
  postgres (0.0.1)
  seven_zip (3.0.0)
    windows (>= 0.0.0)
  ssl (0.0.1)
  ufw (0.7.4)
    firewall (>= 0.9.0)
  windows (4.3.3)
